
Microsoft Visual Studio Solution File, Format Version 12.00
# Visual Studio Version 16
VisualStudioVersion = 16.0.33214.272
MinimumVisualStudioVersion = 10.0.40219.1
Project("{FAE04EC0-301F-11D3-BF4B-00C04F79EFBC}") = "Calculs", "Calculs\Calculs.csproj", "{4CA0941B-508A-4F21-944B-50CD96CD918A}"
EndProject
Global
	GlobalSection(SolutionConfigurationPlatforms) = preSolution
		Debug|Any CPU = Debug|Any CPU
		Release|Any CPU = Release|Any CPU
	EndGlobalSection
	GlobalSection(ProjectConfigurationPlatforms) = postSolution
		{4CA0941B-508A-4F21-944B-50CD96CD918A}.Debug|Any CPU.ActiveCfg = Debug|Any CPU
		{4CA0941B-508A-4F21-944B-50CD96CD918A}.Debug|Any CPU.Build.0 = Debug|Any CPU
		{4CA0941B-508A-4F21-944B-50CD96CD918A}.Release|Any CPU.ActiveCfg = Release|Any CPU
		{4CA0941B-508A-4F21-944B-50CD96CD918A}.Release|Any CPU.Build.0 = Release|Any CPU
	EndGlobalSection
	GlobalSection(SolutionProperties) = preSolution
		HideSolutionNode = FALSE
	EndGlobalSection
	GlobalSection(ExtensibilityGlobals) = postSolution
		SolutionGuid = {A40803D7-ADFF-477A-A75C-C057A1093C59}
	EndGlobalSection
EndGlobal
